
Microsoft Visual Studio Solution File, Format Version 12.00
Project("{FAE04EC0-301F-11D3-BF4B-00C04F79EFBC}") = "DemoProject", "DemoProject\DemoProject.csproj", "{72417A85-6D0B-431B-BDC5-AF7AD5EB2508}"
EndProject
Project("{FAE04EC0-301F-11D3-BF4B-00C04F79EFBC}") = "DemoProject.Tests", "DemoProject.Tests\DemoProject.Tests.csproj", "{77349655-F087-4ED6-BBE2-BBDFD06DABE2}"
EndProject
Project("{FAE04EC0-301F-11D3-BF4B-00C04F79EFBC}") = "DemoProject.FakingAmazing", "DemoProject.FakingAmazing\DemoProject.FakingAmazing.csproj", "{0CDC8011-9756-4905-A0A1-F8043D422263}"
EndProject
Project("{FAE04EC0-301F-11D3-BF4B-00C04F79EFBC}") = "DemoBalzor", "DemoBalzor\DemoBalzor.csproj", "{549297AD-E408-48AD-8B35-ECCE340A993D}"
EndProject
Project("{FAE04EC0-301F-11D3-BF4B-00C04F79EFBC}") = "Demo.Shared", "Demo.Shared\Demo.Shared.csproj", "{D5869436-FC5E-4A4A-8F5B-DFE5C58591A2}"
EndProject
Project("{FAE04EC0-301F-11D3-BF4B-00C04F79EFBC}") = "DemoEntra", "DemoEntra\DemoEntra.csproj", "{2EAE975E-F441-4681-9B78-CF5622E0B129}"
EndProject
Project("{FAE04EC0-301F-11D3-BF4B-00C04F79EFBC}") = "BalzorMetAuth", "BalzorMetAuth\BalzorMetAuth.csproj", "{08164F75-133D-4671-8C3A-1BBEC48BB1DC}"
EndProject
Global
	GlobalSection(SolutionConfigurationPlatforms) = preSolution
		Debug|Any CPU = Debug|Any CPU
		Release|Any CPU = Release|Any CPU
	EndGlobalSection
	GlobalSection(ProjectConfigurationPlatforms) = postSolution
		{72417A85-6D0B-431B-BDC5-AF7AD5EB2508}.Debug|Any CPU.ActiveCfg = Debug|Any CPU
		{72417A85-6D0B-431B-BDC5-AF7AD5EB2508}.Debug|Any CPU.Build.0 = Debug|Any CPU
		{72417A85-6D0B-431B-BDC5-AF7AD5EB2508}.Release|Any CPU.ActiveCfg = Release|Any CPU
		{72417A85-6D0B-431B-BDC5-AF7AD5EB2508}.Release|Any CPU.Build.0 = Release|Any CPU
		{77349655-F087-4ED6-BBE2-BBDFD06DABE2}.Debug|Any CPU.ActiveCfg = Debug|Any CPU
		{77349655-F087-4ED6-BBE2-BBDFD06DABE2}.Debug|Any CPU.Build.0 = Debug|Any CPU
		{77349655-F087-4ED6-BBE2-BBDFD06DABE2}.Release|Any CPU.ActiveCfg = Release|Any CPU
		{77349655-F087-4ED6-BBE2-BBDFD06DABE2}.Release|Any CPU.Build.0 = Release|Any CPU
		{0CDC8011-9756-4905-A0A1-F8043D422263}.Debug|Any CPU.ActiveCfg = Debug|Any CPU
		{0CDC8011-9756-4905-A0A1-F8043D422263}.Debug|Any CPU.Build.0 = Debug|Any CPU
		{0CDC8011-9756-4905-A0A1-F8043D422263}.Release|Any CPU.ActiveCfg = Release|Any CPU
		{0CDC8011-9756-4905-A0A1-F8043D422263}.Release|Any CPU.Build.0 = Release|Any CPU
		{549297AD-E408-48AD-8B35-ECCE340A993D}.Debug|Any CPU.ActiveCfg = Debug|Any CPU
		{549297AD-E408-48AD-8B35-ECCE340A993D}.Debug|Any CPU.Build.0 = Debug|Any CPU
		{549297AD-E408-48AD-8B35-ECCE340A993D}.Release|Any CPU.ActiveCfg = Release|Any CPU
		{549297AD-E408-48AD-8B35-ECCE340A993D}.Release|Any CPU.Build.0 = Release|Any CPU
		{D5869436-FC5E-4A4A-8F5B-DFE5C58591A2}.Debug|Any CPU.ActiveCfg = Debug|Any CPU
		{D5869436-FC5E-4A4A-8F5B-DFE5C58591A2}.Debug|Any CPU.Build.0 = Debug|Any CPU
		{D5869436-FC5E-4A4A-8F5B-DFE5C58591A2}.Release|Any CPU.ActiveCfg = Release|Any CPU
		{D5869436-FC5E-4A4A-8F5B-DFE5C58591A2}.Release|Any CPU.Build.0 = Release|Any CPU
		{2EAE975E-F441-4681-9B78-CF5622E0B129}.Debug|Any CPU.ActiveCfg = Debug|Any CPU
		{2EAE975E-F441-4681-9B78-CF5622E0B129}.Debug|Any CPU.Build.0 = Debug|Any CPU
		{2EAE975E-F441-4681-9B78-CF5622E0B129}.Release|Any CPU.ActiveCfg = Release|Any CPU
		{2EAE975E-F441-4681-9B78-CF5622E0B129}.Release|Any CPU.Build.0 = Release|Any CPU
		{08164F75-133D-4671-8C3A-1BBEC48BB1DC}.Debug|Any CPU.ActiveCfg = Debug|Any CPU
		{08164F75-133D-4671-8C3A-1BBEC48BB1DC}.Debug|Any CPU.Build.0 = Debug|Any CPU
		{08164F75-133D-4671-8C3A-1BBEC48BB1DC}.Release|Any CPU.ActiveCfg = Release|Any CPU
		{08164F75-133D-4671-8C3A-1BBEC48BB1DC}.Release|Any CPU.Build.0 = Release|Any CPU
	EndGlobalSection
EndGlobal
